<Solution>
  <Folder Name="/benchmarks/">
    <Project Path="benchmarks/Callrift.Benchmarks/Callrift.Benchmarks.csproj" />
  </Folder>
  <Folder Name="/src/">
    <Project Path="src/Callrift.Cli/Callrift.Cli.csproj" />
    <Project Path="src/Callrift.Core/Callrift.Core.csproj" />
    <Project Path="src/Callrift.MSBuild/Callrift.MSBuild.csproj" />
  </Folder>
  <Folder Name="/tests/">
    <Project Path="tests/Callrift.Corpus/Callrift.Corpus.csproj" />
    <Project Path="tests/Callrift.Scenarios/Callrift.Scenarios.csproj" />
    <Project Path="tests/Callrift.Workspaces/Callrift.Workspaces.csproj" />
  </Folder>
  <Folder Name="/tools/">
    <Project Path="tools/Callrift.Corpus/Callrift.Corpus.csproj" />
  </Folder>
</Solution>
